hash: d082e8090d1e66e338f5c2c242acbc3e401fdc6d5256bdc4b9db04835cdc1251
updated: 2016-11-12T12:58:36.312701866+01:00
imports:
- name: github.com/jessevdk/go-flags
  version: 37c8226983775d404b6edfebd44be1078bd0fe95
- name: github.com/lib/pq
  version: d8eeeb8bae8896dd8e1b7e514ab0d396c4f12a1b
  subpackages:
  - oid
- name: github.com/mopsalarm/go-pr0gramm
  version: 0dae3f1067f7587baf6929bca6a0dbba2bc99700
- name: github.com/robfig/cron
  version: b024fc5ea0e34bc3f83d9941c8d60b0622bfaca4
- name: github.com/Sirupsen/logrus
  version: 4b6ea7319e214d98c938f12692336f7ca9348d6b
- name: golang.org/x/sys
  version: 8f0908ab3b2457e2e15403d3697c9ef5cb4b57a9
  subpackages:
  - unix
testImports: []
