github.com/jessevdk/go-flags v0.0.0-20131118094338-37c822698377 h1:BfwcOd6a5pxb+uH8N9SnmQPX0dyqwwFa/d7b/HuzFYU=
github.com/jessevdk/go-flags v0.0.0-20131118094338-37c822698377/go.mod h1:4FA24M0QyGHXBuZZK/XkWh8h0e1EYbRYJSGM75WSRxI=
github.com/jessevdk/go-flags v1.4.0 h1:4IU2WS7AumrZ/40jfhf4QVDMsQwqA7VEHozFRrGARJA=
github.com/jessevdk/go-flags v1.4.0/go.mod h1:4FA24M0QyGHXBuZZK/XkWh8h0e1EYbRYJSGM75WSRxI=
github.com/lib/pq v0.0.0-20161103024354-d8eeeb8bae88 h1:H9VJjFCpY9dwA9RdOHAyAR2nRRksPoLSPzEXUUjm86Y=
github.com/lib/pq v0.0.0-20161103024354-d8eeeb8bae88/go.mod h1:5WUZQaWbwv1U+lTReE5YruASi9Al49XbQIvNi/34Woo=
github.com/lib/pq v1.0.0 h1:X5PMW56eZitiTeO7tKzZxFCSpbFZJtkMMooicw2us9A=
github.com/lib/pq v1.0.0/go.mod h1:5WUZQaWbwv1U+lTReE5YruASi9Al49XbQIvNi/34Woo=
github.com/mopsalarm/go-pr0gramm v0.0.0-20161112113305-0dae3f1067f7 h1:jpDFmQO0YgSxCI726b3AMNboa5SvgtEvsmaMv2Ba8f4=
github.com/mopsalarm/go-pr0gramm v0.0.0-20161112113305-0dae3f1067f7/go.mod h1:FwQFzD2qoyElpoLnlJoRiDCVqMnN2ZF4i6epvWzMr2w=
github.com/mopsalarm/go-pr0gramm v1.2.0 h1:hCdJGHvN/f2qTPhdv+8I5rP+muE0/uld2V+PvuoEpdc=
github.com/mopsalarm/go-pr0gramm v1.2.0/go.mod h1:FwQFzD2qoyElpoLnlJoRiDCVqMnN2ZF4i6epvWzMr2w=
github.com/robfig/cron v0.0.0-20140119015047-b024fc5ea0e3 h1:+THOT2a1JKieJxSYMBhyAHNAU6B9KvHobDL0puQ13f0=
github.com/robfig/cron v0.0.0-20140119015047-b024fc5ea0e3/go.mod h1:JGuDeoQd7Z6yL4zQhZ3OPEVHB7fL6Ka6skscFHfmt2k=
github.com/robfig/cron v0.0.0-20180505203441-b41be1df6967 h1:x7xEyJDP7Hv3LVgvWhzioQqbC/KtuUhTigKlH/8ehhE=
github.com/robfig/cron v0.0.0-20180505203441-b41be1df6967/go.mod h1:JGuDeoQd7Z6yL4zQhZ3OPEVHB7fL6Ka6skscFHfmt2k=
github.com/sirupsen/logrus v1.0.6 h1:hcP1GmhGigz/O7h1WVUM5KklBp1JoNS9FggWKdj/j3s=
github.com/sirupsen/logrus v1.0.6/go.mod h1:pMByvHTf9Beacp5x1UXfOR9xyW/9antXMhjMPG0dEzc=
golang.org/x/crypto v0.0.0-20180910181607-0e37d006457b h1:2b9XGzhjiYsYPnKXoEfL7klWZQIt8IfyRCz62gCqqlQ=
golang.org/x/crypto v0.0.0-20180910181607-0e37d006457b/go.mod h1:6SG95UA2DQfeDnfUPMdvaQW0Q7yPrPDi9nlGo2tz2b4=
golang.org/x/sys v0.0.0-20160916181909-8f0908ab3b24 h1:BL/wcoHkjubwHn2wDTAD1fehKZ9lf67KOVzucRKWPtM=
golang.org/x/sys v0.0.0-20160916181909-8f0908ab3b24/go.mod h1:STP8DvDyc/dI5b8T5hshtkjS+E42TnysNCUPdjciGhY=
golang.org/x/sys v0.0.0-20180909124046-d0be0721c37e h1:o3PsSEY8E4eXWkXrIP9YJALUkVZqzHJT5DOasTyn8Vs=
golang.org/x/sys v0.0.0-20180909124046-d0be0721c37e/go.mod h1:STP8DvDyc/dI5b8T5hshtkjS+E42TnysNCUPdjciGhY=
